
Microsoft Visual Studio Solution File, Format Version 12.00
# Visual Studio 15
VisualStudioVersion = 15.0.28010.2003
MinimumVisualStudioVersion = 10.0.40219.1
Project("{FAE04EC0-301F-11D3-BF4B-00C04F79EFBC}") = "EFCore.SpatialData", "EFCore.SpatialData\EFCore.SpatialData.csproj", "{CD92DDAD-29A2-4077-B2FD-4DC2AE22CF6B}"
EndProject
Global
	GlobalSection(SolutionConfigurationPlatforms) = preSolution
		Debug|Any CPU = Debug|Any CPU
		Release|Any CPU = Release|Any CPU
	EndGlobalSection
	GlobalSection(ProjectConfigurationPlatforms) = postSolution
		{CD92DDAD-29A2-4077-B2FD-4DC2AE22CF6B}.Debug|Any CPU.ActiveCfg = Debug|Any CPU
		{CD92DDAD-29A2-4077-B2FD-4DC2AE22CF6B}.Debug|Any CPU.Build.0 = Debug|Any CPU
		{CD92DDAD-29A2-4077-B2FD-4DC2AE22CF6B}.Release|Any CPU.ActiveCfg = Release|Any CPU
		{CD92DDAD-29A2-4077-B2FD-4DC2AE22CF6B}.Release|Any CPU.Build.0 = Release|Any CPU
	EndGlobalSection
	GlobalSection(SolutionProperties) = preSolution
		HideSolutionNode = FALSE
	EndGlobalSection
	GlobalSection(ExtensibilityGlobals) = postSolution
		SolutionGuid = {20BD36AC-47E3-46D0-A960-648688AF8E99}
	EndGlobalSection
EndGlobal
